
Microsoft Visual Studio Solution File, Format Version 12.00
# Visual Studio Version 17
VisualStudioVersion = 17.9.34701.34
MinimumVisualStudioVersion = 10.0.40219.1
Project("{FAE04EC0-301F-11D3-BF4B-00C04F79EFBC}") = "06_Classe_estatica", "06_Classe_estatica\06_Classe_estatica.csproj", "{A704D5CE-999A-4497-8993-DD89E4005735}"
EndProject
Global
	GlobalSection(SolutionConfigurationPlatforms) = preSolution
		Debug|Any CPU = Debug|Any CPU
		Release|Any CPU = Release|Any CPU
	EndGlobalSection
	GlobalSection(ProjectConfigurationPlatforms) = postSolution
		{A704D5CE-999A-4497-8993-DD89E4005735}.Debug|Any CPU.ActiveCfg = Debug|Any CPU
		{A704D5CE-999A-4497-8993-DD89E4005735}.Debug|Any CPU.Build.0 = Debug|Any CPU
		{A704D5CE-999A-4497-8993-DD89E4005735}.Release|Any CPU.ActiveCfg = Release|Any CPU
		{A704D5CE-999A-4497-8993-DD89E4005735}.Release|Any CPU.Build.0 = Release|Any CPU
	EndGlobalSection
	GlobalSection(SolutionProperties) = preSolution
		HideSolutionNode = FALSE
	EndGlobalSection
	GlobalSection(ExtensibilityGlobals) = postSolution
		SolutionGuid = {6555C63A-36D5-4721-AA43-DB76767CA0B3}
	EndGlobalSection
EndGlobal
