
Microsoft Visual Studio Solution File, Format Version 12.00
# Visual Studio Version 17
VisualStudioVersion = 17.9.34701.34
MinimumVisualStudioVersion = 10.0.40219.1
Project("{FAE04EC0-301F-11D3-BF4B-00C04F79EFBC}") = "03_Criando_classes_objetos", "03_Criando_classes_objetos\03_Criando_classes_objetos.csproj", "{949AAC00-AA8B-4AE8-A02F-38E852133BF3}"
EndProject
Global
	GlobalSection(SolutionConfigurationPlatforms) = preSolution
		Debug|Any CPU = Debug|Any CPU
		Release|Any CPU = Release|Any CPU
	EndGlobalSection
	GlobalSection(ProjectConfigurationPlatforms) = postSolution
		{949AAC00-AA8B-4AE8-A02F-38E852133BF3}.Debug|Any CPU.ActiveCfg = Debug|Any CPU
		{949AAC00-AA8B-4AE8-A02F-38E852133BF3}.Debug|Any CPU.Build.0 = Debug|Any CPU
		{949AAC00-AA8B-4AE8-A02F-38E852133BF3}.Release|Any CPU.ActiveCfg = Release|Any CPU
		{949AAC00-AA8B-4AE8-A02F-38E852133BF3}.Release|Any CPU.Build.0 = Release|Any CPU
	EndGlobalSection
	GlobalSection(SolutionProperties) = preSolution
		HideSolutionNode = FALSE
	EndGlobalSection
	GlobalSection(ExtensibilityGlobals) = postSolution
		SolutionGuid = {DF092805-6E05-4E0F-9AB9-2402CD5C374E}
	EndGlobalSection
EndGlobal
