
Microsoft Visual Studio Solution File, Format Version 12.00
# Visual Studio Version 17
VisualStudioVersion = 17.9.34701.34
MinimumVisualStudioVersion = 10.0.40219.1
Project("{FAE04EC0-301F-11D3-BF4B-00C04F79EFBC}") = "03_1_Criando_Classes", "03_1_Criando_Classes\03_1_Criando_Classes.csproj", "{AA9B7E5D-1D17-4A69-A853-5F2D7D6B4EBA}"
EndProject
Global
	GlobalSection(SolutionConfigurationPlatforms) = preSolution
		Debug|Any CPU = Debug|Any CPU
		Release|Any CPU = Release|Any CPU
	EndGlobalSection
	GlobalSection(ProjectConfigurationPlatforms) = postSolution
		{AA9B7E5D-1D17-4A69-A853-5F2D7D6B4EBA}.Debug|Any CPU.ActiveCfg = Debug|Any CPU
		{AA9B7E5D-1D17-4A69-A853-5F2D7D6B4EBA}.Debug|Any CPU.Build.0 = Debug|Any CPU
		{AA9B7E5D-1D17-4A69-A853-5F2D7D6B4EBA}.Release|Any CPU.ActiveCfg = Release|Any CPU
		{AA9B7E5D-1D17-4A69-A853-5F2D7D6B4EBA}.Release|Any CPU.Build.0 = Release|Any CPU
	EndGlobalSection
	GlobalSection(SolutionProperties) = preSolution
		HideSolutionNode = FALSE
	EndGlobalSection
	GlobalSection(ExtensibilityGlobals) = postSolution
		SolutionGuid = {B71266F0-4861-41F4-902C-D84978AF3DC8}
	EndGlobalSection
EndGlobal
